
Microsoft Visual Studio Solution File, Format Version 12.00
# Visual Studio Version 17
VisualStudioVersion = 17.5.002.0
MinimumVisualStudioVersion = 10.0.40219.1
Project("{9A19103F-16F7-4668-BE54-9A1E7A4F7556}") = "MarketConsApp", "MarketConsApp.csproj", "{0FEC54DC-AAE4-40CA-B2C2-9E8EB7867E36}"
EndProject
Global
	GlobalSection(SolutionConfigurationPlatforms) = preSolution
		Debug|Any CPU = Debug|Any CPU
		Release|Any CPU = Release|Any CPU
	EndGlobalSection
	GlobalSection(ProjectConfigurationPlatforms) = postSolution
		{0FEC54DC-AAE4-40CA-B2C2-9E8EB7867E36}.Debug|Any CPU.ActiveCfg = Debug|Any CPU
		{0FEC54DC-AAE4-40CA-B2C2-9E8EB7867E36}.Debug|Any CPU.Build.0 = Debug|Any CPU
		{0FEC54DC-AAE4-40CA-B2C2-9E8EB7867E36}.Release|Any CPU.ActiveCfg = Release|Any CPU
		{0FEC54DC-AAE4-40CA-B2C2-9E8EB7867E36}.Release|Any CPU.Build.0 = Release|Any CPU
	EndGlobalSection
	GlobalSection(SolutionProperties) = preSolution
		HideSolutionNode = FALSE
	EndGlobalSection
	GlobalSection(ExtensibilityGlobals) = postSolution
		SolutionGuid = {BDFB4374-02FB-4A14-96C9-C10A062EBEF1}
	EndGlobalSection
EndGlobal
