Microsoft Visual Studio Solution File, Format Version 12.00
# Visual Studio Version 17
VisualStudioVersion = 17.5.002.0
MinimumVisualStudioVersion = 10.0.40219.1
Project("{9A19103F-16F7-4668-BE54-9A1E7A4F7556}") = "server", "server\server.csproj", "{4681E8FA-D9C3-46E1-90F3-E4A393AC33C1}"
EndProject
Project("{FAE04EC0-301F-11D3-BF4B-00C04F79EFBC}") = "MyFirstApp", "MyFirstApp\MyFirstApp.csproj", "{9DE7D16A-93F9-4063-9262-AB0EF166C670}"
EndProject
Project("{FAE04EC0-301F-11D3-BF4B-00C04F79EFBC}") = "MarketConsApp", "MarketConsApp\MarketConsApp.csproj", "{1E8E8D70-652D-4A54-A7F0-3F352037BABB}"
EndProject
Project("{FAE04EC0-301F-11D3-BF4B-00C04F79EFBC}") = "Casino", "Casino\Casino.csproj", "{C5EB7689-9E90-4F3A-A9A8-FAF45860B93E}"
EndProject
Global
	GlobalSection(SolutionConfigurationPlatforms) = preSolution
		Debug|Any CPU = Debug|Any CPU
		Release|Any CPU = Release|Any CPU
	EndGlobalSection
	GlobalSection(ProjectConfigurationPlatforms) = postSolution
		{4681E8FA-D9C3-46E1-90F3-E4A393AC33C1}.Debug|Any CPU.ActiveCfg = Debug|Any CPU
		{4681E8FA-D9C3-46E1-90F3-E4A393AC33C1}.Debug|Any CPU.Build.0 = Debug|Any CPU
		{4681E8FA-D9C3-46E1-90F3-E4A393AC33C1}.Release|Any CPU.ActiveCfg = Release|Any CPU
		{4681E8FA-D9C3-46E1-90F3-E4A393AC33C1}.Release|Any CPU.Build.0 = Release|Any CPU
		{9DE7D16A-93F9-4063-9262-AB0EF166C670}.Debug|Any CPU.ActiveCfg = Debug|Any CPU
		{9DE7D16A-93F9-4063-9262-AB0EF166C670}.Debug|Any CPU.Build.0 = Debug|Any CPU
		{9DE7D16A-93F9-4063-9262-AB0EF166C670}.Release|Any CPU.ActiveCfg = Release|Any CPU
		{9DE7D16A-93F9-4063-9262-AB0EF166C670}.Release|Any CPU.Build.0 = Release|Any CPU
		{1E8E8D70-652D-4A54-A7F0-3F352037BABB}.Debug|Any CPU.ActiveCfg = Debug|Any CPU
		{1E8E8D70-652D-4A54-A7F0-3F352037BABB}.Debug|Any CPU.Build.0 = Debug|Any CPU
		{1E8E8D70-652D-4A54-A7F0-3F352037BABB}.Release|Any CPU.ActiveCfg = Release|Any CPU
		{1E8E8D70-652D-4A54-A7F0-3F352037BABB}.Release|Any CPU.Build.0 = Release|Any CPU
		{C5EB7689-9E90-4F3A-A9A8-FAF45860B93E}.Debug|Any CPU.ActiveCfg = Debug|Any CPU
		{C5EB7689-9E90-4F3A-A9A8-FAF45860B93E}.Debug|Any CPU.Build.0 = Debug|Any CPU
		{C5EB7689-9E90-4F3A-A9A8-FAF45860B93E}.Release|Any CPU.ActiveCfg = Release|Any CPU
		{C5EB7689-9E90-4F3A-A9A8-FAF45860B93E}.Release|Any CPU.Build.0 = Release|Any CPU
	EndGlobalSection
	GlobalSection(SolutionProperties) = preSolution
		HideSolutionNode = FALSE
	EndGlobalSection
	GlobalSection(ExtensibilityGlobals) = postSolution
		SolutionGuid = {B0D5C164-29D2-497B-AC0B-56ED6F46D0C7}
	EndGlobalSection
EndGlobal